
Microsoft Visual Studio Solution File, Format Version 12.00
# Visual Studio Version 17
VisualStudioVersion = 17.4.33213.308
MinimumVisualStudioVersion = 10.0.40219.1
Project("{FAE04EC0-301F-11D3-BF4B-00C04F79EFBC}") = "s2l4_2", "s2l4_2\s2l4_2.csproj", "{625E228D-6B36-4786-B05C-CE4B0FA8C4BC}"
EndProject
Global
	GlobalSection(SolutionConfigurationPlatforms) = preSolution
		Debug|Any CPU = Debug|Any CPU
		Release|Any CPU = Release|Any CPU
	EndGlobalSection
	GlobalSection(ProjectConfigurationPlatforms) = postSolution
		{625E228D-6B36-4786-B05C-CE4B0FA8C4BC}.Debug|Any CPU.ActiveCfg = Debug|Any CPU
		{625E228D-6B36-4786-B05C-CE4B0FA8C4BC}.Debug|Any CPU.Build.0 = Debug|Any CPU
		{625E228D-6B36-4786-B05C-CE4B0FA8C4BC}.Release|Any CPU.ActiveCfg = Release|Any CPU
		{625E228D-6B36-4786-B05C-CE4B0FA8C4BC}.Release|Any CPU.Build.0 = Release|Any CPU
	EndGlobalSection
	GlobalSection(SolutionProperties) = preSolution
		HideSolutionNode = FALSE
	EndGlobalSection
	GlobalSection(ExtensibilityGlobals) = postSolution
		SolutionGuid = {313B9D9A-9F52-46F1-8B68-F12A1F58BD34}
	EndGlobalSection
EndGlobal
